// !$*UTF8*$!
{
	archiveVersion = 1;
	classes = {
	};
	objectVersion = 46;
	objects = {

/* Begin PBXBuildFile section */
		1502BB311C74EB1B00447115 /* AppDelegate.swift in Sources */ = {isa = PBXBuildFile; fileRef = 1502BB301C74EB1B00447115 /* AppDelegate.swift */; };
		1502BB331C74EB1B00447115 /* ViewController.swift in Sources */ = {isa = PBXBuildFile; fileRef = 1502BB321C74EB1B00447115 /* ViewController.swift */; };
		1502BB361C74EB1B00447115 /* Main.storyboard in Resources */ = {isa = PBXBuildFile; fileRef = 1502BB341C74EB1B00447115 /* Main.storyboard */; };
		1502BB381C74EB1B00447115 /* Assets.xcassets in Resources */ = {isa = PBXBuildFile; fileRef = 1502BB371C74EB1B00447115 /* Assets.xcassets */; };
		1502BB3B1C74EB1B00447115 /* LaunchScreen.storyboard in Resources */ = {isa = PBXBuildFile; fileRef = 1502BB391C74EB1B00447115 /* LaunchScreen.storyboard */; };
		1502BB441C74EB7200447115 /* Model.xcdatamodeld in Sources */ = {isa = PBXBuildFile; fileRef = 1502BB421C74EB7200447115 /* Model.xcdatamodeld */; };
		15C3AC6B1C764EFF00D5B565 /* Water+CoreDataProperties.swift in Sources */ = {isa = PBXBuildFile; fileRef = 15C3AC651C764EFF00D5B565 /* Water+CoreDataProperties.swift */; };
		15C3AC6C1C764EFF00D5B565 /* Water.swift in Sources */ = {isa = PBXBuildFile; fileRef = 15C3AC661C764EFF00D5B565 /* Water.swift */; };
		15C3AC6D1C764EFF00D5B565 /* Land+CoreDataProperties.swift in Sources */ = {isa = PBXBuildFile; fileRef = 15C3AC671C764EFF00D5B565 /* Land+CoreDataProperties.swift */; };
		15C3AC6E1C764EFF00D5B565 /* Land.swift in Sources */ = {isa = PBXBuildFile; fileRef = 15C3AC681C764EFF00D5B565 /* Land.swift */; };
		15C3AC6F1C764EFF00D5B565 /* Mammal+CoreDataProperties.swift in Sources */ = {isa = PBXBuildFile; fileRef = 15C3AC691C764EFF00D5B565 /* Mammal+CoreDataProperties.swift */; };
		15C3AC701C764EFF00D5B565 /* Mammal.swift in Sources */ = {isa = PBXBuildFile; fileRef = 15C3AC6A1C764EFF00D5B565 /* Mammal.swift */; };
		15C3AC721C765F3900D5B565 /* CDHelper.swift in Sources */ = {isa = PBXBuildFile; fileRef = 15C3AC711C765F3900D5B565 /* CDHelper.swift */; };
/* End PBXBuildFile section */

/* Begin PBXFileReference section */
		1502BB2D1C74EB1A00447115 /* CoreDataInheritance.app */ = {isa = PBXFileReference; explicitFileType = wrapper.application; includeInIndex = 0; path = CoreDataInheritance.app; sourceTree = BUILT_PRODUCTS_DIR; };
		1502BB301C74EB1B00447115 /* AppDelegate.swift */ = {isa = PBXFileReference; lastKnownFileType = sourcecode.swift; path = AppDelegate.swift; sourceTree = "<group>"; };
		1502BB321C74EB1B00447115 /* ViewController.swift */ = {isa = PBXFileReference; lastKnownFileType = sourcecode.swift; path = ViewController.swift; sourceTree = "<group>"; };
		1502BB351C74EB1B00447115 /* Base */ = {isa = PBXFileReference; lastKnownFileType = file.storyboard; name = Base; path = Base.lproj/Main.storyboard; sourceTree = "<group>"; };
		1502BB371C74EB1B00447115 /* Assets.xcassets */ = {isa = PBXFileReference; lastKnownFileType = folder.assetcatalog; path = Assets.xcassets; sourceTree = "<group>"; };
		1502BB3A1C74EB1B00447115 /* Base */ = {isa = PBXFileReference; lastKnownFileType = file.storyboard; name = Base; path = Base.lproj/LaunchScreen.storyboard; sourceTree = "<group>"; };
		1502BB3C1C74EB1B00447115 /* Info.plist */ = {isa = PBXFileReference; lastKnownFileType = text.plist.xml; path = Info.plist; sourceTree = "<group>"; };
		1502BB431C74EB7200447115 /* Model.xcdatamodel */ = {isa = PBXFileReference; lastKnownFileType = wrapper.xcdatamodel; path = Model.xcdatamodel; sourceTree = "<group>"; };
		15C3AC651C764EFF00D5B565 /* Water+CoreDataProperties.swift */ = {isa = PBXFileReference; fileEncoding = 4; lastKnownFileType = sourcecode.swift; path = "Water+CoreDataProperties.swift"; sourceTree = "<group>"; };
		15C3AC661C764EFF00D5B565 /* Water.swift */ = {isa = PBXFileReference; fileEncoding = 4; lastKnownFileType = sourcecode.swift; path = Water.swift; sourceTree = "<group>"; };
		15C3AC671C764EFF00D5B565 /* Land+CoreDataProperties.swift */ = {isa = PBXFileReference; fileEncoding = 4; lastKnownFileType = sourcecode.swift; path = "Land+CoreDataProperties.swift"; sourceTree = "<group>"; };
		15C3AC681C764EFF00D5B565 /* Land.swift */ = {isa = PBXFileReference; fileEncoding = 4; lastKnownFileType = sourcecode.swift; path = Land.swift; sourceTree = "<group>"; };
		15C3AC691C764EFF00D5B565 /* Mammal+CoreDataProperties.swift */ = {isa = PBXFileReference; fileEncoding = 4; lastKnownFileType = sourcecode.swift; path = "Mammal+CoreDataProperties.swift"; sourceTree = "<group>"; };
		15C3AC6A1C764EFF00D5B565 /* Mammal.swift */ = {isa = PBXFileReference; fileEncoding = 4; lastKnownFileType = sourcecode.swift; path = Mammal.swift; sourceTree = "<group>"; };
		15C3AC711C765F3900D5B565 /* CDHelper.swift */ = {isa = PBXFileReference; fileEncoding = 4; lastKnownFileType = sourcecode.swift; path = CDHelper.swift; sourceTree = "<group>"; };
/* End PBXFileReference section */

/* Begin PBXFrameworksBuildPhase section */
		1502BB2A1C74EB1A00447115 /* Frameworks */ = {
			isa = PBXFrameworksBuildPhase;
			buildActionMask = 2147483647;
			files = (
			);
			runOnlyForDeploymentPostprocessing = 0;
		};
/* End PBXFrameworksBuildPhase section */

/* Begin PBXGroup section */
		1502BB241C74EB1A00447115 = {
			isa = PBXGroup;
			children = (
				15C3AC651C764EFF00D5B565 /* Water+CoreDataProperties.swift */,
				15C3AC661C764EFF00D5B565 /* Water.swift */,
				15C3AC671C764EFF00D5B565 /* Land+CoreDataProperties.swift */,
				15C3AC681C764EFF00D5B565 /* Land.swift */,
				15C3AC691C764EFF00D5B565 /* Mammal+CoreDataProperties.swift */,
				15C3AC6A1C764EFF00D5B565 /* Mammal.swift */,
				1502BB2F1C74EB1B00447115 /* CoreDataInheritance */,
				1502BB2E1C74EB1A00447115 /* Products */,
			);
			sourceTree = "<group>";
		};
		1502BB2E1C74EB1A00447115 /* Products */ = {
			isa = PBXGroup;
			children = (
				1502BB2D1C74EB1A00447115 /* CoreDataInheritance.app */,
			);
			name = Products;
			sourceTree = "<group>";
		};
		1502BB2F1C74EB1B00447115 /* CoreDataInheritance */ = {
			isa = PBXGroup;
			children = (
				1502BB301C74EB1B00447115 /* AppDelegate.swift */,
				1502BB321C74EB1B00447115 /* ViewController.swift */,
				1502BB421C74EB7200447115 /* Model.xcdatamodeld */,
				1502BB341C74EB1B00447115 /* Main.storyboard */,
				1502BB371C74EB1B00447115 /* Assets.xcassets */,
				15C3AC711C765F3900D5B565 /* CDHelper.swift */,
				1502BB391C74EB1B00447115 /* LaunchScreen.storyboard */,
				1502BB3C1C74EB1B00447115 /* Info.plist */,
			);
			path = CoreDataInheritance;
			sourceTree = "<group>";
		};
/* End PBXGroup section */

/* Begin PBXNativeTarget section */
		1502BB2C1C74EB1A00447115 /* CoreDataInheritance */ = {
			isa = PBXNativeTarget;
			buildConfigurationList = 1502BB3F1C74EB1B00447115 /* Build configuration list for PBXNativeTarget "CoreDataInheritance" */;
			buildPhases = (
				1502BB291C74EB1A00447115 /* Sources */,
				1502BB2A1C74EB1A00447115 /* Frameworks */,
				1502BB2B1C74EB1A00447115 /* Resources */,
			);
			buildRules = (
			);
			dependencies = (
			);
			name = CoreDataInheritance;
			productName = CoreDataInheritance;
			productReference = 1502BB2D1C74EB1A00447115 /* CoreDataInheritance.app */;
			productType = "com.apple.product-type.application";
		};
/* End PBXNativeTarget section */

/* Begin PBXProject section */
		1502BB251C74EB1A00447115 /* Project object */ = {
			isa = PBXProject;
			attributes = {
				LastSwiftUpdateCheck = 0720;
				LastUpgradeCheck = 0720;
				ORGANIZATIONNAME = "Randall Mardus";
				TargetAttributes = {
					1502BB2C1C74EB1A00447115 = {
						CreatedOnToolsVersion = 7.2;
					};
				};
			};
			buildConfigurationList = 1502BB281C74EB1A00447115 /* Build configuration list for PBXProject "CoreDataInheritance" */;
			compatibilityVersion = "Xcode 3.2";
			developmentRegion = English;
			hasScannedForEncodings = 0;
			knownRegions = (
				en,
				Base,
			);
			mainGroup = 1502BB241C74EB1A00447115;
			productRefGroup = 1502BB2E1C74EB1A00447115 /* Products */;
			projectDirPath = "";
			projectRoot = "";
			targets = (
				1502BB2C1C74EB1A00447115 /* CoreDataInheritance */,
			);
		};
/* End PBXProject section */

/* Begin PBXResourcesBuildPhase section */
		1502BB2B1C74EB1A00447115 /* Resources */ = {
			isa = PBXResourcesBuildPhase;
			buildActionMask = 2147483647;
			files = (
				1502BB3B1C74EB1B00447115 /* LaunchScreen.storyboard in Resources */,
				1502BB381C74EB1B00447115 /* Assets.xcassets in Resources */,
				1502BB361C74EB1B00447115 /* Main.storyboard in Resources */,
			);
			runOnlyForDeploymentPostprocessing = 0;
		};
/* End PBXResourcesBuildPhase section */

/* Begin PBXSourcesBuildPhase section */
		1502BB291C74EB1A00447115 /* Sources */ = {
			isa = PBXSourcesBuildPhase;
			buildActionMask = 2147483647;
			files = (
				15C3AC701C764EFF00D5B565 /* Mammal.swift in Sources */,
				1502BB331C74EB1B00447115 /* ViewController.swift in Sources */,
				1502BB311C74EB1B00447115 /* AppDelegate.swift in Sources */,
				15C3AC6F1C764EFF00D5B565 /* Mammal+CoreDataProperties.swift in Sources */,
				15C3AC6E1C764EFF00D5B565 /* Land.swift in Sources */,
				1502BB441C74EB7200447115 /* Model.xcdatamodeld in Sources */,
				15C3AC721C765F3900D5B565 /* CDHelper.swift in Sources */,
				15C3AC6C1C764EFF00D5B565 /* Water.swift in Sources */,
				15C3AC6D1C764EFF00D5B565 /* Land+CoreDataProperties.swift in Sources */,
				15C3AC6B1C764EFF00D5B565 /* Water+CoreDataProperties.swift in Sources */,
			);
			runOnlyForDeploymentPostprocessing = 0;
		};
/* End PBXSourcesBuildPhase section */

/* Begin PBXVariantGroup section */
		1502BB341C74EB1B00447115 /* Main.storyboard */ = {
			isa = PBXVariantGroup;
			children = (
				1502BB351C74EB1B00447115 /* Base */,
			);
			name = Main.storyboard;
			sourceTree = "<group>";
		};
		1502BB391C74EB1B00447115 /* LaunchScreen.storyboard */ = {
			isa = PBXVariantGroup;
			children = (
				1502BB3A1C74EB1B00447115 /* Base */,
			);
			name = LaunchScreen.storyboard;
			sourceTree = "<group>";
		};
/* End PBXVariantGroup section */

/* Begin XCBuildConfiguration section */
		1502BB3D1C74EB1B00447115 /* Debug */ = {
			isa = XCBuildConfiguration;
			buildSettings = {
				ALWAYS_SEARCH_USER_PATHS = NO;
				CLANG_CXX_LANGUAGE_STANDARD = "gnu++0x";
				CLANG_CXX_LIBRARY = "libc++";
				CLANG_ENABLE_MODULES = YES;
				CLANG_ENABLE_OBJC_ARC = YES;
				CLANG_WARN_BOOL_CONVERSION = YES;
				CLANG_WARN_CONSTANT_CONVERSION = YES;
				CLANG_WARN_DIRECT_OBJC_ISA_USAGE = YES_ERROR;
				CLANG_WARN_EMPTY_BODY = YES;
				CLANG_WARN_ENUM_CONVERSION = YES;
				CLANG_WARN_INT_CONVERSION = YES;
				CLANG_WARN_OBJC_ROOT_CLASS = YES_ERROR;
				CLANG_WARN_UNREACHABLE_CODE = YES;
				CLANG_WARN__DUPLICATE_METHOD_MATCH = YES;
				"CODE_SIGN_IDENTITY[sdk=iphoneos*]" = "iPhone Developer";
				COPY_PHASE_STRIP = NO;
				DEBUG_INFORMATION_FORMAT = dwarf;
				ENABLE_STRICT_OBJC_MSGSEND = YES;
				ENABLE_TESTABILITY = YES;
				GCC_C_LANGUAGE_STANDARD = gnu99;
				GCC_DYNAMIC_NO_PIC = NO;
				GCC_NO_COMMON_BLOCKS = YES;
				GCC_OPTIMIZATION_LEVEL = 0;
				GCC_PREPROCESSOR_DEFINITIONS = (
					"DEBUG=1",
					"$(inherited)",
				);
				GCC_WARN_64_TO_32_BIT_CONVERSION = YES;
				GCC_WARN_ABOUT_RETURN_TYPE = YES_ERROR;
				GCC_WARN_UNDECLARED_SELECTOR = YES;
				GCC_WARN_UNINITIALIZED_AUTOS = YES_AGGRESSIVE;
				GCC_WARN_UNUSED_FUNCTION = YES;
				GCC_WARN_UNUSED_VARIABLE = YES;
				IPHONEOS_DEPLOYMENT_TARGET = 9.2;
				MTL_ENABLE_DEBUG_INFO = YES;
				ONLY_ACTIVE_ARCH = YES;
				SDKROOT = iphoneos;
				SWIFT_OPTIMIZATION_LEVEL = "-Onone";
				TARGETED_DEVICE_FAMILY = "1,2";
			};
			name = Debug;
		};
		1502BB3E1C74EB1B00447115 /* Release */ = {
			isa = XCBuildConfiguration;
			buildSettings = {
				ALWAYS_SEARCH_USER_PATHS = NO;
				CLANG_CXX_LANGUAGE_STANDARD = "gnu++0x";
				CLANG_CXX_LIBRARY = "libc++";
				CLANG_ENABLE_MODULES = YES;
				CLANG_ENABLE_OBJC_ARC = YES;
				CLANG_WARN_BOOL_CONVERSION = YES;
				CLANG_WARN_CONSTANT_CONVERSION = YES;
				CLANG_WARN_DIRECT_OBJC_ISA_USAGE = YES_ERROR;
				CLANG_WARN_EMPTY_BODY = YES;
				CLANG_WARN_ENUM_CONVERSION = YES;
				CLANG_WARN_INT_CONVERSION = YES;
				CLANG_WARN_OBJC_ROOT_CLASS = YES_ERROR;
				CLANG_WARN_UNREACHABLE_CODE = YES;
				CLANG_WARN__DUPLICATE_METHOD_MATCH = YES;
				"CODE_SIGN_IDENTITY[sdk=iphoneos*]" = "iPhone Developer";
				COPY_PHASE_STRIP = NO;
				DEBUG_INFORMATION_FORMAT = "dwarf-with-dsym";
				ENABLE_NS_ASSERTIONS = NO;
				ENABLE_STRICT_OBJC_MSGSEND = YES;
				GCC_C_LANGUAGE_STANDARD = gnu99;
				GCC_NO_COMMON_BLOCKS = YES;
				GCC_WARN_64_TO_32_BIT_CONVERSION = YES;
				GCC_WARN_ABOUT_RETURN_TYPE = YES_ERROR;
				GCC_WARN_UNDECLARED_SELECTOR = YES;
				GCC_WARN_UNINITIALIZED_AUTOS = YES_AGGRESSIVE;
				GCC_WARN_UNUSED_FUNCTION = YES;
				GCC_WARN_UNUSED_VARIABLE = YES;
				IPHONEOS_DEPLOYMENT_TARGET = 9.2;
				MTL_ENABLE_DEBUG_INFO = NO;
				SDKROOT = iphoneos;
				TARGETED_DEVICE_FAMILY = "1,2";
				VALIDATE_PRODUCT = YES;
			};
			name = Release;
		};
		1502BB401C74EB1B00447115 /* Debug */ = {
			isa = XCBuildConfiguration;
			buildSettings = {
				ASSETCATALOG_COMPILER_APPICON_NAME = AppIcon;
				INFOPLIST_FILE = CoreDataInheritance/Info.plist;
				LD_RUNPATH_SEARCH_PATHS = "$(inherited) @executable_path/Frameworks";
				PRODUCT_BUNDLE_IDENTIFIER = self.edu.CoreDataInheritance;
				PRODUCT_NAME = "$(TARGET_NAME)";
			};
			name = Debug;
		};
		1502BB411C74EB1B00447115 /* Release */ = {
			isa = XCBuildConfiguration;
			buildSettings = {
				ASSETCATALOG_COMPILER_APPICON_NAME = AppIcon;
				INFOPLIST_FILE = CoreDataInheritance/Info.plist;
				LD_RUNPATH_SEARCH_PATHS = "$(inherited) @executable_path/Frameworks";
				PRODUCT_BUNDLE_IDENTIFIER = self.edu.CoreDataInheritance;
				PRODUCT_NAME = "$(TARGET_NAME)";
			};
			name = Release;
		};
/* End XCBuildConfiguration section */

/* Begin XCConfigurationList section */
		1502BB281C74EB1A00447115 /* Build configuration list for PBXProject "CoreDataInheritance" */ = {
			isa = XCConfigurationList;
			buildConfigurations = (
				1502BB3D1C74EB1B00447115 /* Debug */,
				1502BB3E1C74EB1B00447115 /* Release */,
			);
			defaultConfigurationIsVisible = 0;
			defaultConfigurationName = Release;
		};
		1502BB3F1C74EB1B00447115 /* Build configuration list for PBXNativeTarget "CoreDataInheritance" */ = {
			isa = XCConfigurationList;
			buildConfigurations = (
				1502BB401C74EB1B00447115 /* Debug */,
				1502BB411C74EB1B00447115 /* Release */,
			);
			defaultConfigurationIsVisible = 0;
			defaultConfigurationName = Release;
		};
/* End XCConfigurationList section */

/* Begin XCVersionGroup section */
		1502BB421C74EB7200447115 /* Model.xcdatamodeld */ = {
			isa = XCVersionGroup;
			children = (
				1502BB431C74EB7200447115 /* Model.xcdatamodel */,
			);
			currentVersion = 1502BB431C74EB7200447115 /* Model.xcdatamodel */;
			path = Model.xcdatamodeld;
			sourceTree = "<group>";
			versionGroupType = wrapper.xcdatamodel;
		};
/* End XCVersionGroup section */
	};
	rootObject = 1502BB251C74EB1A00447115 /* Project object */;
}
